<?xml version="1.0" encoding="utf-8"?>
<Project ToolsVersion="4.0" xmlns="http://schemas.microsoft.com/developer/msbuild/2003">
  <ItemGroup>
    <Filter Include="controllers">
      <UniqueIdentifier>{e3457b36-42cb-4c9c-9f98-6dc9c5faa94b}</UniqueIdentifier>
    </Filter>
    <Filter Include="utilities">
      <UniqueIdentifier>{6ac9ff95-cbdc-45ad-8c5b-f788ed97e048}</UniqueIdentifier>
    </Filter>
    <Filter Include="structures">
      <UniqueIdentifier>{bc27e88f-3e42-4a06-8b96-f558653d7517}</UniqueIdentifier>
    </Filter>
    <Filter Include="utilities\fileParser">
      <UniqueIdentifier>{f1bdc023-6870-4707-aea5-528cb59b2f89}</UniqueIdentifier>
    </Filter>
    <Filter Include="utilities\fileParser\TSP">
      <UniqueIdentifier>{122b45bf-7e67-42ff-bb91-b4db8d089c3d}</UniqueIdentifier>
    </Filter>
    <Filter Include="algorithms">
      <UniqueIdentifier>{dc189727-6682-4073-b80b-82134b948c8e}</UniqueIdentifier>
    </Filter>
  </ItemGroup>
  <ItemGroup>
    <ClInclude Include="Action.h">
      <Filter>utilities</Filter>
    </ClInclude>
    <ClInclude Include="Application.h" />
    <ClInclude Include="stdafx.h" />
    <ClInclude Include="targetver.h" />
    <ClInclude Include="matrixGraph.h">
      <Filter>structures</Filter>
    </ClInclude>
    <ClInclude Include="peaInclude.h" />
    <ClInclude Include="FileReader.h">
      <Filter>utilities\fileParser</Filter>
    </ClInclude>
    <ClInclude Include="TSPFileReader.h">
      <Filter>utilities\fileParser\TSP</Filter>
    </ClInclude>
    <ClInclude Include="TSPHeader.h">
      <Filter>utilities\fileParser\TSP</Filter>
    </ClInclude>
    <ClInclude Include="TSPHeaderParser.h">
      <Filter>utilities\fileParser\TSP</Filter>
    </ClInclude>
    <ClInclude Include="TSPEnums.h">
      <Filter>utilities\fileParser\TSP</Filter>
    </ClInclude>
    <ClInclude Include="TSPDataParser.h">
      <Filter>utilities\fileParser\TSP</Filter>
    </ClInclude>
    <ClInclude Include="Controller.h">
      <Filter>controllers</Filter>
    </ClInclude>
    <ClInclude Include="IAlgorithm.h">
      <Filter>algorithms</Filter>
    </ClInclude>
    <ClInclude Include="DynamicController.h">
      <Filter>controllers</Filter>
    </ClInclude>
    <ClInclude Include="BruteforceController.h">
      <Filter>controllers</Filter>
    </ClInclude>
    <ClInclude Include="DynamicAlgorithm.h">
      <Filter>algorithms</Filter>
    </ClInclude>
    <ClInclude Include="BruteforceAlgorithm.h">
      <Filter>algorithms</Filter>
    </ClInclude>
    <ClInclude Include="Result.h">
      <Filter>structures</Filter>
    </ClInclude>
  </ItemGroup>
  <ItemGroup>
    <ClCompile Include="Action.cpp">
      <Filter>utilities</Filter>
    </ClCompile>
    <ClCompile Include="stdafx.cpp" />
    <ClCompile Include="Application.cpp" />
    <ClCompile Include="matrixGraph.cpp">
      <Filter>structures</Filter>
    </ClCompile>
    <ClCompile Include="FileReader.cpp">
      <Filter>utilities\fileParser</Filter>
    </ClCompile>
    <ClCompile Include="TSPFileReader.cpp">
      <Filter>utilities\fileParser\TSP</Filter>
    </ClCompile>
    <ClCompile Include="TSPHeader.cpp">
      <Filter>utilities\fileParser\TSP</Filter>
    </ClCompile>
    <ClCompile Include="TSPHeaderParser.cpp">
      <Filter>utilities\fileParser\TSP</Filter>
    </ClCompile>
    <ClCompile Include="TSPDataParser.cpp">
      <Filter>utilities\fileParser\TSP</Filter>
    </ClCompile>
    <ClCompile Include="Controller.cpp">
      <Filter>controllers</Filter>
    </ClCompile>
    <ClCompile Include="DynamicController.cpp">
      <Filter>controllers</Filter>
    </ClCompile>
    <ClCompile Include="BruteforceController.cpp">
      <Filter>controllers</Filter>
    </ClCompile>
    <ClCompile Include="DynamicAlgorithm.cpp">
      <Filter>algorithms</Filter>
    </ClCompile>
    <ClCompile Include="BruteforceAlgorithm.cpp">
      <Filter>algorithms</Filter>
    </ClCompile>
    <ClCompile Include="Result.cpp">
      <Filter>structures</Filter>
    </ClCompile>
  </ItemGroup>
</Project>