<?xml version="1.0" encoding="utf-8"?>
<Project ToolsVersion="4.0" xmlns="http://schemas.microsoft.com/developer/msbuild/2003">
  <ItemGroup>
    <Filter Include="controllers">
      <UniqueIdentifier>{e3457b36-42cb-4c9c-9f98-6dc9c5faa94b}</UniqueIdentifier>
    </Filter>
    <Filter Include="utilities">
      <UniqueIdentifier>{6ac9ff95-cbdc-45ad-8c5b-f788ed97e048}</UniqueIdentifier>
    </Filter>
    <Filter Include="structures">
      <UniqueIdentifier>{bc27e88f-3e42-4a06-8b96-f558653d7517}</UniqueIdentifier>
    </Filter>
  </ItemGroup>
  <ItemGroup>
    <ClInclude Include="Action.h">
      <Filter>utilities</Filter>
    </ClInclude>
    <ClInclude Include="Application.h" />
    <ClInclude Include="stdafx.h" />
    <ClInclude Include="targetver.h" />
    <ClInclude Include="matrixGraph.h">
      <Filter>structures</Filter>
    </ClInclude>
    <ClInclude Include="matrixGraphReader.h">
      <Filter>utilities</Filter>
    </ClInclude>
    <ClInclude Include="peaInclude.h" />
  </ItemGroup>
  <ItemGroup>
    <ClCompile Include="Action.cpp">
      <Filter>utilities</Filter>
    </ClCompile>
    <ClCompile Include="stdafx.cpp" />
    <ClCompile Include="Application.cpp" />
    <ClCompile Include="matrixGraph.cpp">
      <Filter>structures</Filter>
    </ClCompile>
    <ClCompile Include="matrixGraphReader.cpp">
      <Filter>utilities</Filter>
    </ClCompile>
  </ItemGroup>
</Project>