
Microsoft Visual Studio Solution File, Format Version 12.00
# Visual Studio 15
VisualStudioVersion = 15.0.26730.16
MinimumVisualStudioVersion = 10.0.40219.1
Project("{8BC9CEB8-8B4A-11D0-8D11-00A0C91BC942}") = "pea", "pea\pea.vcxproj", "{3C56D088-43AC-4F5D-AA4B-DEB5B9E88A0A}"
EndProject
Project("{8BC9CEB8-8B4A-11D0-8D11-00A0C91BC942}") = "peaMain", "peaMain\peaMain.vcxproj", "{05530875-3101-40EC-91BA-8DB3FCD4CB2B}"
EndProject
Project("{8BC9CEB8-8B4A-11D0-8D11-00A0C91BC942}") = "peaTests", "peaTests\peaTests.vcxproj", "{4890E733-5AE8-4B11-A832-E7C2983BE9D7}"
EndProject
Global
	GlobalSection(SolutionConfigurationPlatforms) = preSolution
		Debug|x64 = Debug|x64
		Debug|x86 = Debug|x86
		Release|x64 = Release|x64
		Release|x86 = Release|x86
	EndGlobalSection
	GlobalSection(ProjectConfigurationPlatforms) = postSolution
		{3C56D088-43AC-4F5D-AA4B-DEB5B9E88A0A}.Debug|x64.ActiveCfg = Debug|x64
		{3C56D088-43AC-4F5D-AA4B-DEB5B9E88A0A}.Debug|x64.Build.0 = Debug|x64
		{3C56D088-43AC-4F5D-AA4B-DEB5B9E88A0A}.Debug|x86.ActiveCfg = Debug|Win32
		{3C56D088-43AC-4F5D-AA4B-DEB5B9E88A0A}.Debug|x86.Build.0 = Debug|Win32
		{3C56D088-43AC-4F5D-AA4B-DEB5B9E88A0A}.Release|x64.ActiveCfg = Release|x64
		{3C56D088-43AC-4F5D-AA4B-DEB5B9E88A0A}.Release|x64.Build.0 = Release|x64
		{3C56D088-43AC-4F5D-AA4B-DEB5B9E88A0A}.Release|x86.ActiveCfg = Release|Win32
		{3C56D088-43AC-4F5D-AA4B-DEB5B9E88A0A}.Release|x86.Build.0 = Release|Win32
		{05530875-3101-40EC-91BA-8DB3FCD4CB2B}.Debug|x64.ActiveCfg = Debug|x64
		{05530875-3101-40EC-91BA-8DB3FCD4CB2B}.Debug|x64.Build.0 = Debug|x64
		{05530875-3101-40EC-91BA-8DB3FCD4CB2B}.Debug|x86.ActiveCfg = Debug|Win32
		{05530875-3101-40EC-91BA-8DB3FCD4CB2B}.Debug|x86.Build.0 = Debug|Win32
		{05530875-3101-40EC-91BA-8DB3FCD4CB2B}.Release|x64.ActiveCfg = Release|x64
		{05530875-3101-40EC-91BA-8DB3FCD4CB2B}.Release|x64.Build.0 = Release|x64
		{05530875-3101-40EC-91BA-8DB3FCD4CB2B}.Release|x86.ActiveCfg = Release|Win32
		{05530875-3101-40EC-91BA-8DB3FCD4CB2B}.Release|x86.Build.0 = Release|Win32
		{4890E733-5AE8-4B11-A832-E7C2983BE9D7}.Debug|x64.ActiveCfg = Debug|x64
		{4890E733-5AE8-4B11-A832-E7C2983BE9D7}.Debug|x64.Build.0 = Debug|x64
		{4890E733-5AE8-4B11-A832-E7C2983BE9D7}.Debug|x86.ActiveCfg = Debug|Win32
		{4890E733-5AE8-4B11-A832-E7C2983BE9D7}.Debug|x86.Build.0 = Debug|Win32
		{4890E733-5AE8-4B11-A832-E7C2983BE9D7}.Release|x64.ActiveCfg = Release|x64
		{4890E733-5AE8-4B11-A832-E7C2983BE9D7}.Release|x64.Build.0 = Release|x64
		{4890E733-5AE8-4B11-A832-E7C2983BE9D7}.Release|x86.ActiveCfg = Release|Win32
		{4890E733-5AE8-4B11-A832-E7C2983BE9D7}.Release|x86.Build.0 = Release|Win32
	EndGlobalSection
	GlobalSection(SolutionProperties) = preSolution
		HideSolutionNode = FALSE
	EndGlobalSection
	GlobalSection(ExtensibilityGlobals) = postSolution
		SolutionGuid = {B7D31B6B-3A1A-446C-8308-B32EDFB19463}
	EndGlobalSection
EndGlobal
